<?xml version="1.0" encoding="UTF-8" standalone="yes" ?>
<CodeBlocks_project_file>
	<FileVersion major="1" minor="6" />
	<Project>
		<Option title="MCTS_Casino_Blackjack" />
		<Option pch_mode="2" />
		<Option compiler="gcc" />
		<Build>
			<Target title="Debug">
				<Option output="bin/Debug/MCTS_Casino_Blackjack" prefix_auto="1" extension_auto="1" />
				<Option object_output="obj/Debug/" />
				<Option type="1" />
				<Option compiler="gcc" />
				<Compiler>
					<Add option="-g" />
				</Compiler>
			</Target>
			<Target title="Release">
				<Option output="bin/Release/MCTS_Casino_Blackjack" prefix_auto="1" extension_auto="1" />
				<Option object_output="obj/Release/" />
				<Option type="1" />
				<Option compiler="gcc" />
				<Compiler>
					<Add option="-O2" />
				</Compiler>
				<Linker>
					<Add option="-s" />
				</Linker>
			</Target>
		</Build>
		<Compiler>
			<Add option="-Wall" />
		</Compiler>
		<Unit filename="ActionPlayer.cpp" />
		<Unit filename="ActionPlayer.h" />
		<Unit filename="BasicPlayer.cpp" />
		<Unit filename="BasicPlayer.h" />
		<Unit filename="Card.cpp" />
		<Unit filename="Card.h" />
		<Unit filename="Deck.cpp" />
		<Unit filename="Deck.h" />
		<Unit filename="Hand.cpp" />
		<Unit filename="Hand.h" />
		<Unit filename="HardDealer.cpp" />
		<Unit filename="HardDealer.h" />
		<Unit filename="HumanPlayer.cpp" />
		<Unit filename="HumanPlayer.h" />
		<Unit filename="Main.cpp" />
		<Unit filename="Player.cpp" />
		<Unit filename="Player.h" />
		<Unit filename="RandomPlayer.cpp" />
		<Unit filename="RandomPlayer.h" />
		<Unit filename="SoftDealer.cpp" />
		<Unit filename="SoftDealer.h" />
		<Extensions>
			<code_completion />
			<envvars />
			<debugger />
			<lib_finder disable_auto="1" />
		</Extensions>
	</Project>
</CodeBlocks_project_file>
